
Microsoft Visual Studio Solution File, Format Version 12.00
# Visual Studio Version 17
VisualStudioVersion = 17.5.33530.505
MinimumVisualStudioVersion = 10.0.40219.1
Project("{FAE04EC0-301F-11D3-BF4B-00C04F79EFBC}") = "HarvestableVehicles", "HarvestableVehicles.csproj", "{DEFAB666-7EB1-40E4-9150-2F5DFC2B37F5}"
EndProject
Global
	GlobalSection(SolutionConfigurationPlatforms) = preSolution
		Debug|Any CPU = Debug|Any CPU
		Release|Any CPU = Release|Any CPU
	EndGlobalSection
	GlobalSection(ProjectConfigurationPlatforms) = postSolution
		{DEFAB666-7EB1-40E4-9150-2F5DFC2B37F5}.Debug|Any CPU.ActiveCfg = Debug|Any CPU
		{DEFAB666-7EB1-40E4-9150-2F5DFC2B37F5}.Debug|Any CPU.Build.0 = Debug|Any CPU
		{DEFAB666-7EB1-40E4-9150-2F5DFC2B37F5}.Release|Any CPU.ActiveCfg = Release|Any CPU
		{DEFAB666-7EB1-40E4-9150-2F5DFC2B37F5}.Release|Any CPU.Build.0 = Release|Any CPU
	EndGlobalSection
	GlobalSection(SolutionProperties) = preSolution
		HideSolutionNode = FALSE
	EndGlobalSection
	GlobalSection(ExtensibilityGlobals) = postSolution
		SolutionGuid = {5BD2E9E2-75D5-4341-B1F3-9FC005DEE4F7}
	EndGlobalSection
EndGlobal
